
Microsoft Visual Studio Solution File, Format Version 12.00
# Visual Studio Version 17
VisualStudioVersion = 17.9.34728.123
MinimumVisualStudioVersion = 10.0.40219.1
Project("{9A19103F-16F7-4668-BE54-9A1E7A4F7556}") = "ConsoleApp1", "ConsoleApp1\ConsoleApp1.csproj", "{632FDD08-3BDC-484B-BF55-4276E649B7CC}"
EndProject
Project("{9A19103F-16F7-4668-BE54-9A1E7A4F7556}") = "practiceArraySort", "practiceArraySort\practiceArraySort.csproj", "{D2E5FDAF-62DA-4BB2-90EC-441C10D06FBB}"
EndProject
Project("{FAE04EC0-301F-11D3-BF4B-00C04F79EFBC}") = "OOP", "OOP\OOP.csproj", "{2F7AD77B-9F4E-4AA4-94FD-4EC973DD0454}"
EndProject
Project("{FAE04EC0-301F-11D3-BF4B-00C04F79EFBC}") = "OOP-tasks-part1", "OOP-tasks-part1\OOP-tasks-part1.csproj", "{2AAFA030-DD23-484B-8B10-692FFE14220E}"
EndProject
Global
	GlobalSection(SolutionConfigurationPlatforms) = preSolution
		Debug|Any CPU = Debug|Any CPU
		Release|Any CPU = Release|Any CPU
	EndGlobalSection
	GlobalSection(ProjectConfigurationPlatforms) = postSolution
		{632FDD08-3BDC-484B-BF55-4276E649B7CC}.Debug|Any CPU.ActiveCfg = Debug|Any CPU
		{632FDD08-3BDC-484B-BF55-4276E649B7CC}.Debug|Any CPU.Build.0 = Debug|Any CPU
		{632FDD08-3BDC-484B-BF55-4276E649B7CC}.Release|Any CPU.ActiveCfg = Release|Any CPU
		{632FDD08-3BDC-484B-BF55-4276E649B7CC}.Release|Any CPU.Build.0 = Release|Any CPU
		{D2E5FDAF-62DA-4BB2-90EC-441C10D06FBB}.Debug|Any CPU.ActiveCfg = Debug|Any CPU
		{D2E5FDAF-62DA-4BB2-90EC-441C10D06FBB}.Debug|Any CPU.Build.0 = Debug|Any CPU
		{D2E5FDAF-62DA-4BB2-90EC-441C10D06FBB}.Release|Any CPU.ActiveCfg = Release|Any CPU
		{D2E5FDAF-62DA-4BB2-90EC-441C10D06FBB}.Release|Any CPU.Build.0 = Release|Any CPU
		{2F7AD77B-9F4E-4AA4-94FD-4EC973DD0454}.Debug|Any CPU.ActiveCfg = Debug|Any CPU
		{2F7AD77B-9F4E-4AA4-94FD-4EC973DD0454}.Debug|Any CPU.Build.0 = Debug|Any CPU
		{2F7AD77B-9F4E-4AA4-94FD-4EC973DD0454}.Release|Any CPU.ActiveCfg = Release|Any CPU
		{2F7AD77B-9F4E-4AA4-94FD-4EC973DD0454}.Release|Any CPU.Build.0 = Release|Any CPU
		{2AAFA030-DD23-484B-8B10-692FFE14220E}.Debug|Any CPU.ActiveCfg = Debug|Any CPU
		{2AAFA030-DD23-484B-8B10-692FFE14220E}.Debug|Any CPU.Build.0 = Debug|Any CPU
		{2AAFA030-DD23-484B-8B10-692FFE14220E}.Release|Any CPU.ActiveCfg = Release|Any CPU
		{2AAFA030-DD23-484B-8B10-692FFE14220E}.Release|Any CPU.Build.0 = Release|Any CPU
	EndGlobalSection
	GlobalSection(SolutionProperties) = preSolution
		HideSolutionNode = FALSE
	EndGlobalSection
	GlobalSection(ExtensibilityGlobals) = postSolution
		SolutionGuid = {9C468CD6-9E21-4FE8-817C-CC2E7B81AF32}
	EndGlobalSection
EndGlobal
