
Microsoft Visual Studio Solution File, Format Version 12.00
# Visual Studio Version 17
VisualStudioVersion = 17.9.34728.123
MinimumVisualStudioVersion = 10.0.40219.1
Project("{9A19103F-16F7-4668-BE54-9A1E7A4F7556}") = "practices1", "ConsoleApp1\practices1.csproj", "{632FDD08-3BDC-484B-BF55-4276E649B7CC}"
EndProject
Project("{9A19103F-16F7-4668-BE54-9A1E7A4F7556}") = "practiceArraySort", "practiceArraySort\practiceArraySort.csproj", "{D2E5FDAF-62DA-4BB2-90EC-441C10D06FBB}"
EndProject
Project("{9A19103F-16F7-4668-BE54-9A1E7A4F7556}") = "OOP", "OOP\OOP.csproj", "{2F7AD77B-9F4E-4AA4-94FD-4EC973DD0454}"
EndProject
Project("{9A19103F-16F7-4668-BE54-9A1E7A4F7556}") = "OOP-part1-tasks", "OOP-tasks-part1\OOP-part1-tasks.csproj", "{2AAFA030-DD23-484B-8B10-692FFE14220E}"
EndProject
Project("{9A19103F-16F7-4668-BE54-9A1E7A4F7556}") = "OOP-part2-tasks", "OOP-part2\OOP-part2-tasks.csproj", "{4E14292B-0648-4B51-9364-4467D6D3E612}"
EndProject
Project("{9A19103F-16F7-4668-BE54-9A1E7A4F7556}") = "OOP-part3-tasks", "OOP-3-tasks\OOP-part3-tasks.csproj", "{B9E40BA0-C6BA-4E0C-B44A-8505ADA07E7C}"
EndProject
Project("{9A19103F-16F7-4668-BE54-9A1E7A4F7556}") = "Course.App", "Project.App\Course.App.csproj", "{EEF51722-0438-482C-BC5F-2DEAFCA578E4}"
EndProject
Project("{9A19103F-16F7-4668-BE54-9A1E7A4F7556}") = "Course.Core", "Course.Core\Course.Core.csproj", "{10A272CC-D998-4605-9019-1FF79418115C}"
EndProject
Project("{9A19103F-16F7-4668-BE54-9A1E7A4F7556}") = "Course.Data", "Course.Data\Course.Data.csproj", "{F1D13BAD-BC66-4709-9E29-D227F9C9003C}"
EndProject
Project("{9A19103F-16F7-4668-BE54-9A1E7A4F7556}") = "Course.Service", "Course.Service\Course.Service.csproj", "{66996C06-C810-453B-A20E-63FEF7BD1243}"
EndProject
Project("{9A19103F-16F7-4668-BE54-9A1E7A4F7556}") = "BoltFood.App", "BoltFood\BoltFood.App.csproj", "{E9FEAC54-1F81-4374-8587-D40F6CC0C1BF}"
EndProject
Project("{9A19103F-16F7-4668-BE54-9A1E7A4F7556}") = "BoltFood.Data", "BoldFood.Data\BoltFood.Data.csproj", "{C4EABD2C-0365-4184-94EB-E688A0060C45}"
EndProject
Project("{9A19103F-16F7-4668-BE54-9A1E7A4F7556}") = "BoltFood.Core", "BoldFood.Core\BoltFood.Core.csproj", "{1A65205C-931B-4240-BE30-E618A0E57EA0}"
EndProject
Project("{9A19103F-16F7-4668-BE54-9A1E7A4F7556}") = "BoltFood.Service", "BoldFood.Service\BoltFood.Service.csproj", "{8BF5B921-C769-440D-82C0-066C7A0AB2C7}"
EndProject
Project("{FAE04EC0-301F-11D3-BF4B-00C04F79EFBC}") = "E-Commerce.App", "E-Commerce.App\E-Commerce.App.csproj", "{A3281076-50D9-4DBD-A345-1EDE738FBC15}"
EndProject
Project("{FAE04EC0-301F-11D3-BF4B-00C04F79EFBC}") = "E-Commerce.Core", "E-Commerce.Core\E-Commerce.Core.csproj", "{3648AB03-448A-480A-9CAA-85CC4AF83695}"
EndProject
Project("{FAE04EC0-301F-11D3-BF4B-00C04F79EFBC}") = "E-Commerce.Data", "E-Commerce.Data\E-Commerce.Data.csproj", "{97F4CD7F-9DA7-4D9A-B2B7-DC978A65ABD1}"
EndProject
Project("{FAE04EC0-301F-11D3-BF4B-00C04F79EFBC}") = "E-Commerce.Service", "E-Commerce.Service\E-Commerce.Service.csproj", "{E749DDF4-40EC-4EE1-9AE9-13C962AD8C80}"
EndProject
Global
	GlobalSection(SolutionConfigurationPlatforms) = preSolution
		Debug|Any CPU = Debug|Any CPU
		Release|Any CPU = Release|Any CPU
	EndGlobalSection
	GlobalSection(ProjectConfigurationPlatforms) = postSolution
		{632FDD08-3BDC-484B-BF55-4276E649B7CC}.Debug|Any CPU.ActiveCfg = Debug|Any CPU
		{632FDD08-3BDC-484B-BF55-4276E649B7CC}.Debug|Any CPU.Build.0 = Debug|Any CPU
		{632FDD08-3BDC-484B-BF55-4276E649B7CC}.Release|Any CPU.ActiveCfg = Release|Any CPU
		{632FDD08-3BDC-484B-BF55-4276E649B7CC}.Release|Any CPU.Build.0 = Release|Any CPU
		{D2E5FDAF-62DA-4BB2-90EC-441C10D06FBB}.Debug|Any CPU.ActiveCfg = Debug|Any CPU
		{D2E5FDAF-62DA-4BB2-90EC-441C10D06FBB}.Debug|Any CPU.Build.0 = Debug|Any CPU
		{D2E5FDAF-62DA-4BB2-90EC-441C10D06FBB}.Release|Any CPU.ActiveCfg = Release|Any CPU
		{D2E5FDAF-62DA-4BB2-90EC-441C10D06FBB}.Release|Any CPU.Build.0 = Release|Any CPU
		{2F7AD77B-9F4E-4AA4-94FD-4EC973DD0454}.Debug|Any CPU.ActiveCfg = Debug|Any CPU
		{2F7AD77B-9F4E-4AA4-94FD-4EC973DD0454}.Debug|Any CPU.Build.0 = Debug|Any CPU
		{2F7AD77B-9F4E-4AA4-94FD-4EC973DD0454}.Release|Any CPU.ActiveCfg = Release|Any CPU
		{2F7AD77B-9F4E-4AA4-94FD-4EC973DD0454}.Release|Any CPU.Build.0 = Release|Any CPU
		{2AAFA030-DD23-484B-8B10-692FFE14220E}.Debug|Any CPU.ActiveCfg = Debug|Any CPU
		{2AAFA030-DD23-484B-8B10-692FFE14220E}.Debug|Any CPU.Build.0 = Debug|Any CPU
		{2AAFA030-DD23-484B-8B10-692FFE14220E}.Release|Any CPU.ActiveCfg = Release|Any CPU
		{2AAFA030-DD23-484B-8B10-692FFE14220E}.Release|Any CPU.Build.0 = Release|Any CPU
		{4E14292B-0648-4B51-9364-4467D6D3E612}.Debug|Any CPU.ActiveCfg = Debug|Any CPU
		{4E14292B-0648-4B51-9364-4467D6D3E612}.Debug|Any CPU.Build.0 = Debug|Any CPU
		{4E14292B-0648-4B51-9364-4467D6D3E612}.Release|Any CPU.ActiveCfg = Release|Any CPU
		{4E14292B-0648-4B51-9364-4467D6D3E612}.Release|Any CPU.Build.0 = Release|Any CPU
		{B9E40BA0-C6BA-4E0C-B44A-8505ADA07E7C}.Debug|Any CPU.ActiveCfg = Debug|Any CPU
		{B9E40BA0-C6BA-4E0C-B44A-8505ADA07E7C}.Debug|Any CPU.Build.0 = Debug|Any CPU
		{B9E40BA0-C6BA-4E0C-B44A-8505ADA07E7C}.Release|Any CPU.ActiveCfg = Release|Any CPU
		{B9E40BA0-C6BA-4E0C-B44A-8505ADA07E7C}.Release|Any CPU.Build.0 = Release|Any CPU
		{EEF51722-0438-482C-BC5F-2DEAFCA578E4}.Debug|Any CPU.ActiveCfg = Debug|Any CPU
		{EEF51722-0438-482C-BC5F-2DEAFCA578E4}.Debug|Any CPU.Build.0 = Debug|Any CPU
		{EEF51722-0438-482C-BC5F-2DEAFCA578E4}.Release|Any CPU.ActiveCfg = Release|Any CPU
		{EEF51722-0438-482C-BC5F-2DEAFCA578E4}.Release|Any CPU.Build.0 = Release|Any CPU
		{10A272CC-D998-4605-9019-1FF79418115C}.Debug|Any CPU.ActiveCfg = Debug|Any CPU
		{10A272CC-D998-4605-9019-1FF79418115C}.Debug|Any CPU.Build.0 = Debug|Any CPU
		{10A272CC-D998-4605-9019-1FF79418115C}.Release|Any CPU.ActiveCfg = Release|Any CPU
		{10A272CC-D998-4605-9019-1FF79418115C}.Release|Any CPU.Build.0 = Release|Any CPU
		{F1D13BAD-BC66-4709-9E29-D227F9C9003C}.Debug|Any CPU.ActiveCfg = Debug|Any CPU
		{F1D13BAD-BC66-4709-9E29-D227F9C9003C}.Debug|Any CPU.Build.0 = Debug|Any CPU
		{F1D13BAD-BC66-4709-9E29-D227F9C9003C}.Release|Any CPU.ActiveCfg = Release|Any CPU
		{F1D13BAD-BC66-4709-9E29-D227F9C9003C}.Release|Any CPU.Build.0 = Release|Any CPU
		{66996C06-C810-453B-A20E-63FEF7BD1243}.Debug|Any CPU.ActiveCfg = Debug|Any CPU
		{66996C06-C810-453B-A20E-63FEF7BD1243}.Debug|Any CPU.Build.0 = Debug|Any CPU
		{66996C06-C810-453B-A20E-63FEF7BD1243}.Release|Any CPU.ActiveCfg = Release|Any CPU
		{66996C06-C810-453B-A20E-63FEF7BD1243}.Release|Any CPU.Build.0 = Release|Any CPU
		{E9FEAC54-1F81-4374-8587-D40F6CC0C1BF}.Debug|Any CPU.ActiveCfg = Debug|Any CPU
		{E9FEAC54-1F81-4374-8587-D40F6CC0C1BF}.Debug|Any CPU.Build.0 = Debug|Any CPU
		{E9FEAC54-1F81-4374-8587-D40F6CC0C1BF}.Release|Any CPU.ActiveCfg = Release|Any CPU
		{E9FEAC54-1F81-4374-8587-D40F6CC0C1BF}.Release|Any CPU.Build.0 = Release|Any CPU
		{C4EABD2C-0365-4184-94EB-E688A0060C45}.Debug|Any CPU.ActiveCfg = Debug|Any CPU
		{C4EABD2C-0365-4184-94EB-E688A0060C45}.Debug|Any CPU.Build.0 = Debug|Any CPU
		{C4EABD2C-0365-4184-94EB-E688A0060C45}.Release|Any CPU.ActiveCfg = Release|Any CPU
		{C4EABD2C-0365-4184-94EB-E688A0060C45}.Release|Any CPU.Build.0 = Release|Any CPU
		{1A65205C-931B-4240-BE30-E618A0E57EA0}.Debug|Any CPU.ActiveCfg = Debug|Any CPU
		{1A65205C-931B-4240-BE30-E618A0E57EA0}.Debug|Any CPU.Build.0 = Debug|Any CPU
		{1A65205C-931B-4240-BE30-E618A0E57EA0}.Release|Any CPU.ActiveCfg = Release|Any CPU
		{1A65205C-931B-4240-BE30-E618A0E57EA0}.Release|Any CPU.Build.0 = Release|Any CPU
		{8BF5B921-C769-440D-82C0-066C7A0AB2C7}.Debug|Any CPU.ActiveCfg = Debug|Any CPU
		{8BF5B921-C769-440D-82C0-066C7A0AB2C7}.Debug|Any CPU.Build.0 = Debug|Any CPU
		{8BF5B921-C769-440D-82C0-066C7A0AB2C7}.Release|Any CPU.ActiveCfg = Release|Any CPU
		{8BF5B921-C769-440D-82C0-066C7A0AB2C7}.Release|Any CPU.Build.0 = Release|Any CPU
		{A3281076-50D9-4DBD-A345-1EDE738FBC15}.Debug|Any CPU.ActiveCfg = Debug|Any CPU
		{A3281076-50D9-4DBD-A345-1EDE738FBC15}.Debug|Any CPU.Build.0 = Debug|Any CPU
		{A3281076-50D9-4DBD-A345-1EDE738FBC15}.Release|Any CPU.ActiveCfg = Release|Any CPU
		{A3281076-50D9-4DBD-A345-1EDE738FBC15}.Release|Any CPU.Build.0 = Release|Any CPU
		{3648AB03-448A-480A-9CAA-85CC4AF83695}.Debug|Any CPU.ActiveCfg = Debug|Any CPU
		{3648AB03-448A-480A-9CAA-85CC4AF83695}.Debug|Any CPU.Build.0 = Debug|Any CPU
		{3648AB03-448A-480A-9CAA-85CC4AF83695}.Release|Any CPU.ActiveCfg = Release|Any CPU
		{3648AB03-448A-480A-9CAA-85CC4AF83695}.Release|Any CPU.Build.0 = Release|Any CPU
		{97F4CD7F-9DA7-4D9A-B2B7-DC978A65ABD1}.Debug|Any CPU.ActiveCfg = Debug|Any CPU
		{97F4CD7F-9DA7-4D9A-B2B7-DC978A65ABD1}.Debug|Any CPU.Build.0 = Debug|Any CPU
		{97F4CD7F-9DA7-4D9A-B2B7-DC978A65ABD1}.Release|Any CPU.ActiveCfg = Release|Any CPU
		{97F4CD7F-9DA7-4D9A-B2B7-DC978A65ABD1}.Release|Any CPU.Build.0 = Release|Any CPU
		{E749DDF4-40EC-4EE1-9AE9-13C962AD8C80}.Debug|Any CPU.ActiveCfg = Debug|Any CPU
		{E749DDF4-40EC-4EE1-9AE9-13C962AD8C80}.Debug|Any CPU.Build.0 = Debug|Any CPU
		{E749DDF4-40EC-4EE1-9AE9-13C962AD8C80}.Release|Any CPU.ActiveCfg = Release|Any CPU
		{E749DDF4-40EC-4EE1-9AE9-13C962AD8C80}.Release|Any CPU.Build.0 = Release|Any CPU
	EndGlobalSection
	GlobalSection(SolutionProperties) = preSolution
		HideSolutionNode = FALSE
	EndGlobalSection
	GlobalSection(ExtensibilityGlobals) = postSolution
		SolutionGuid = {9C468CD6-9E21-4FE8-817C-CC2E7B81AF32}
	EndGlobalSection
EndGlobal
