
Microsoft Visual Studio Solution File, Format Version 12.00
# Visual Studio Version 17
VisualStudioVersion = 17.9.34728.123
MinimumVisualStudioVersion = 10.0.40219.1
Project("{9A19103F-16F7-4668-BE54-9A1E7A4F7556}") = "practices1", "ConsoleApp1\practices1.csproj", "{632FDD08-3BDC-484B-BF55-4276E649B7CC}"
EndProject
Project("{9A19103F-16F7-4668-BE54-9A1E7A4F7556}") = "practiceArraySort", "practiceArraySort\practiceArraySort.csproj", "{D2E5FDAF-62DA-4BB2-90EC-441C10D06FBB}"
EndProject
Project("{9A19103F-16F7-4668-BE54-9A1E7A4F7556}") = "OOP", "OOP\OOP.csproj", "{2F7AD77B-9F4E-4AA4-94FD-4EC973DD0454}"
EndProject
Project("{9A19103F-16F7-4668-BE54-9A1E7A4F7556}") = "OOP-part1-tasks", "OOP-tasks-part1\OOP-part1-tasks.csproj", "{2AAFA030-DD23-484B-8B10-692FFE14220E}"
EndProject
Project("{9A19103F-16F7-4668-BE54-9A1E7A4F7556}") = "OOP-part2-tasks", "OOP-part2\OOP-part2-tasks.csproj", "{4E14292B-0648-4B51-9364-4467D6D3E612}"
EndProject
Project("{9A19103F-16F7-4668-BE54-9A1E7A4F7556}") = "OOP-part3-tasks", "OOP-3-tasks\OOP-part3-tasks.csproj", "{B9E40BA0-C6BA-4E0C-B44A-8505ADA07E7C}"
EndProject
Project("{9A19103F-16F7-4668-BE54-9A1E7A4F7556}") = "BoltFood.App", "BoltFood\BoltFood.App.csproj", "{E9FEAC54-1F81-4374-8587-D40F6CC0C1BF}"
EndProject
Project("{9A19103F-16F7-4668-BE54-9A1E7A4F7556}") = "BoltFood.Data", "BoldFood.Data\BoltFood.Data.csproj", "{C4EABD2C-0365-4184-94EB-E688A0060C45}"
EndProject
Project("{9A19103F-16F7-4668-BE54-9A1E7A4F7556}") = "BoltFood.Core", "BoldFood.Core\BoltFood.Core.csproj", "{1A65205C-931B-4240-BE30-E618A0E57EA0}"
EndProject
Project("{9A19103F-16F7-4668-BE54-9A1E7A4F7556}") = "BoltFood.Service", "BoldFood.Service\BoltFood.Service.csproj", "{8BF5B921-C769-440D-82C0-066C7A0AB2C7}"
EndProject
Project("{9A19103F-16F7-4668-BE54-9A1E7A4F7556}") = "E-Commerce.App", "E-Commerce.App\E-Commerce.App.csproj", "{A3281076-50D9-4DBD-A345-1EDE738FBC15}"
EndProject
Project("{9A19103F-16F7-4668-BE54-9A1E7A4F7556}") = "E-Commerce.Core", "E-Commerce.Core\E-Commerce.Core.csproj", "{3648AB03-448A-480A-9CAA-85CC4AF83695}"
EndProject
Project("{9A19103F-16F7-4668-BE54-9A1E7A4F7556}") = "E-Commerce.Data", "E-Commerce.Data\E-Commerce.Data.csproj", "{97F4CD7F-9DA7-4D9A-B2B7-DC978A65ABD1}"
EndProject
Project("{9A19103F-16F7-4668-BE54-9A1E7A4F7556}") = "E-Commerce.Service", "E-Commerce.Service\E-Commerce.Service.csproj", "{E749DDF4-40EC-4EE1-9AE9-13C962AD8C80}"
EndProject
Project("{9A19103F-16F7-4668-BE54-9A1E7A4F7556}") = "FIleSystemPractice", "FIleSystemPractice\FIleSystemPractice.csproj", "{3BAD2412-B8AA-4DE7-9ADA-1B7406F27B00}"
EndProject
Project("{9A19103F-16F7-4668-BE54-9A1E7A4F7556}") = "CollectionsPractice", "CollectionsPractice\CollectionsPractice.csproj", "{5944794C-A137-4E22-A427-87C0175E8FA4}"
EndProject
Project("{9A19103F-16F7-4668-BE54-9A1E7A4F7556}") = "DelegatePractices", "DelegatePractices\DelegatePractices.csproj", "{4996EBC0-9AAA-4D2F-81B1-01EE1AE7A341}"
EndProject
Project("{9A19103F-16F7-4668-BE54-9A1E7A4F7556}") = "College.Core", "College.Core\College.Core.csproj", "{174FE704-8345-4050-8248-12251720E417}"
EndProject
Project("{9A19103F-16F7-4668-BE54-9A1E7A4F7556}") = "College.Data", "College.Data\College.Data.csproj", "{A02BD0D2-7933-4B28-8FF8-4C834E8DE832}"
EndProject
Project("{9A19103F-16F7-4668-BE54-9A1E7A4F7556}") = "College.Service", "College.Service\College.Service.csproj", "{C5A8C33A-08E8-48EE-8BAE-8B6510FCC823}"
EndProject
Project("{9A19103F-16F7-4668-BE54-9A1E7A4F7556}") = "College.App", "College.App\College.App.csproj", "{606AA9BC-2D6F-4EBE-91DC-55F9A4411FD5}"
EndProject
Project("{2150E333-8FDC-42A3-9474-1A3956D46DE8}") = "E-commerce", "E-commerce", "{A4C5B696-7ECC-47EC-B6F3-B7712C19CA0B}"
EndProject
Project("{2150E333-8FDC-42A3-9474-1A3956D46DE8}") = "BoltFood", "BoltFood", "{B597C9E7-60AC-4696-ACB8-832C245C82AD}"
EndProject
Project("{2150E333-8FDC-42A3-9474-1A3956D46DE8}") = "College", "College", "{C817D5E9-F418-4875-819A-A45C35811842}"
EndProject
Project("{2150E333-8FDC-42A3-9474-1A3956D46DE8}") = "Other", "Other", "{FEC93306-533A-40DF-92BB-3623EAF1AA84}"
EndProject
Project("{FAE04EC0-301F-11D3-BF4B-00C04F79EFBC}") = "LinQ", "LinQ\LinQ.csproj", "{CED9CC9F-AEE7-4734-A747-39EA6BDF0A4E}"
EndProject
Global
	GlobalSection(SolutionConfigurationPlatforms) = preSolution
		Debug|Any CPU = Debug|Any CPU
		Release|Any CPU = Release|Any CPU
	EndGlobalSection
	GlobalSection(ProjectConfigurationPlatforms) = postSolution
		{632FDD08-3BDC-484B-BF55-4276E649B7CC}.Debug|Any CPU.ActiveCfg = Debug|Any CPU
		{632FDD08-3BDC-484B-BF55-4276E649B7CC}.Debug|Any CPU.Build.0 = Debug|Any CPU
		{632FDD08-3BDC-484B-BF55-4276E649B7CC}.Release|Any CPU.ActiveCfg = Release|Any CPU
		{632FDD08-3BDC-484B-BF55-4276E649B7CC}.Release|Any CPU.Build.0 = Release|Any CPU
		{D2E5FDAF-62DA-4BB2-90EC-441C10D06FBB}.Debug|Any CPU.ActiveCfg = Debug|Any CPU
		{D2E5FDAF-62DA-4BB2-90EC-441C10D06FBB}.Debug|Any CPU.Build.0 = Debug|Any CPU
		{D2E5FDAF-62DA-4BB2-90EC-441C10D06FBB}.Release|Any CPU.ActiveCfg = Release|Any CPU
		{D2E5FDAF-62DA-4BB2-90EC-441C10D06FBB}.Release|Any CPU.Build.0 = Release|Any CPU
		{2F7AD77B-9F4E-4AA4-94FD-4EC973DD0454}.Debug|Any CPU.ActiveCfg = Debug|Any CPU
		{2F7AD77B-9F4E-4AA4-94FD-4EC973DD0454}.Debug|Any CPU.Build.0 = Debug|Any CPU
		{2F7AD77B-9F4E-4AA4-94FD-4EC973DD0454}.Release|Any CPU.ActiveCfg = Release|Any CPU
		{2F7AD77B-9F4E-4AA4-94FD-4EC973DD0454}.Release|Any CPU.Build.0 = Release|Any CPU
		{2AAFA030-DD23-484B-8B10-692FFE14220E}.Debug|Any CPU.ActiveCfg = Debug|Any CPU
		{2AAFA030-DD23-484B-8B10-692FFE14220E}.Debug|Any CPU.Build.0 = Debug|Any CPU
		{2AAFA030-DD23-484B-8B10-692FFE14220E}.Release|Any CPU.ActiveCfg = Release|Any CPU
		{2AAFA030-DD23-484B-8B10-692FFE14220E}.Release|Any CPU.Build.0 = Release|Any CPU
		{4E14292B-0648-4B51-9364-4467D6D3E612}.Debug|Any CPU.ActiveCfg = Debug|Any CPU
		{4E14292B-0648-4B51-9364-4467D6D3E612}.Debug|Any CPU.Build.0 = Debug|Any CPU
		{4E14292B-0648-4B51-9364-4467D6D3E612}.Release|Any CPU.ActiveCfg = Release|Any CPU
		{4E14292B-0648-4B51-9364-4467D6D3E612}.Release|Any CPU.Build.0 = Release|Any CPU
		{B9E40BA0-C6BA-4E0C-B44A-8505ADA07E7C}.Debug|Any CPU.ActiveCfg = Debug|Any CPU
		{B9E40BA0-C6BA-4E0C-B44A-8505ADA07E7C}.Debug|Any CPU.Build.0 = Debug|Any CPU
		{B9E40BA0-C6BA-4E0C-B44A-8505ADA07E7C}.Release|Any CPU.ActiveCfg = Release|Any CPU
		{B9E40BA0-C6BA-4E0C-B44A-8505ADA07E7C}.Release|Any CPU.Build.0 = Release|Any CPU
		{E9FEAC54-1F81-4374-8587-D40F6CC0C1BF}.Debug|Any CPU.ActiveCfg = Debug|Any CPU
		{E9FEAC54-1F81-4374-8587-D40F6CC0C1BF}.Debug|Any CPU.Build.0 = Debug|Any CPU
		{E9FEAC54-1F81-4374-8587-D40F6CC0C1BF}.Release|Any CPU.ActiveCfg = Release|Any CPU
		{E9FEAC54-1F81-4374-8587-D40F6CC0C1BF}.Release|Any CPU.Build.0 = Release|Any CPU
		{C4EABD2C-0365-4184-94EB-E688A0060C45}.Debug|Any CPU.ActiveCfg = Debug|Any CPU
		{C4EABD2C-0365-4184-94EB-E688A0060C45}.Debug|Any CPU.Build.0 = Debug|Any CPU
		{C4EABD2C-0365-4184-94EB-E688A0060C45}.Release|Any CPU.ActiveCfg = Release|Any CPU
		{C4EABD2C-0365-4184-94EB-E688A0060C45}.Release|Any CPU.Build.0 = Release|Any CPU
		{1A65205C-931B-4240-BE30-E618A0E57EA0}.Debug|Any CPU.ActiveCfg = Debug|Any CPU
		{1A65205C-931B-4240-BE30-E618A0E57EA0}.Debug|Any CPU.Build.0 = Debug|Any CPU
		{1A65205C-931B-4240-BE30-E618A0E57EA0}.Release|Any CPU.ActiveCfg = Release|Any CPU
		{1A65205C-931B-4240-BE30-E618A0E57EA0}.Release|Any CPU.Build.0 = Release|Any CPU
		{8BF5B921-C769-440D-82C0-066C7A0AB2C7}.Debug|Any CPU.ActiveCfg = Debug|Any CPU
		{8BF5B921-C769-440D-82C0-066C7A0AB2C7}.Debug|Any CPU.Build.0 = Debug|Any CPU
		{8BF5B921-C769-440D-82C0-066C7A0AB2C7}.Release|Any CPU.ActiveCfg = Release|Any CPU
		{8BF5B921-C769-440D-82C0-066C7A0AB2C7}.Release|Any CPU.Build.0 = Release|Any CPU
		{A3281076-50D9-4DBD-A345-1EDE738FBC15}.Debug|Any CPU.ActiveCfg = Debug|Any CPU
		{A3281076-50D9-4DBD-A345-1EDE738FBC15}.Debug|Any CPU.Build.0 = Debug|Any CPU
		{A3281076-50D9-4DBD-A345-1EDE738FBC15}.Release|Any CPU.ActiveCfg = Release|Any CPU
		{A3281076-50D9-4DBD-A345-1EDE738FBC15}.Release|Any CPU.Build.0 = Release|Any CPU
		{3648AB03-448A-480A-9CAA-85CC4AF83695}.Debug|Any CPU.ActiveCfg = Debug|Any CPU
		{3648AB03-448A-480A-9CAA-85CC4AF83695}.Debug|Any CPU.Build.0 = Debug|Any CPU
		{3648AB03-448A-480A-9CAA-85CC4AF83695}.Release|Any CPU.ActiveCfg = Release|Any CPU
		{3648AB03-448A-480A-9CAA-85CC4AF83695}.Release|Any CPU.Build.0 = Release|Any CPU
		{97F4CD7F-9DA7-4D9A-B2B7-DC978A65ABD1}.Debug|Any CPU.ActiveCfg = Debug|Any CPU
		{97F4CD7F-9DA7-4D9A-B2B7-DC978A65ABD1}.Debug|Any CPU.Build.0 = Debug|Any CPU
		{97F4CD7F-9DA7-4D9A-B2B7-DC978A65ABD1}.Release|Any CPU.ActiveCfg = Release|Any CPU
		{97F4CD7F-9DA7-4D9A-B2B7-DC978A65ABD1}.Release|Any CPU.Build.0 = Release|Any CPU
		{E749DDF4-40EC-4EE1-9AE9-13C962AD8C80}.Debug|Any CPU.ActiveCfg = Debug|Any CPU
		{E749DDF4-40EC-4EE1-9AE9-13C962AD8C80}.Debug|Any CPU.Build.0 = Debug|Any CPU
		{E749DDF4-40EC-4EE1-9AE9-13C962AD8C80}.Release|Any CPU.ActiveCfg = Release|Any CPU
		{E749DDF4-40EC-4EE1-9AE9-13C962AD8C80}.Release|Any CPU.Build.0 = Release|Any CPU
		{3BAD2412-B8AA-4DE7-9ADA-1B7406F27B00}.Debug|Any CPU.ActiveCfg = Debug|Any CPU
		{3BAD2412-B8AA-4DE7-9ADA-1B7406F27B00}.Debug|Any CPU.Build.0 = Debug|Any CPU
		{3BAD2412-B8AA-4DE7-9ADA-1B7406F27B00}.Release|Any CPU.ActiveCfg = Release|Any CPU
		{3BAD2412-B8AA-4DE7-9ADA-1B7406F27B00}.Release|Any CPU.Build.0 = Release|Any CPU
		{5944794C-A137-4E22-A427-87C0175E8FA4}.Debug|Any CPU.ActiveCfg = Debug|Any CPU
		{5944794C-A137-4E22-A427-87C0175E8FA4}.Debug|Any CPU.Build.0 = Debug|Any CPU
		{5944794C-A137-4E22-A427-87C0175E8FA4}.Release|Any CPU.ActiveCfg = Release|Any CPU
		{5944794C-A137-4E22-A427-87C0175E8FA4}.Release|Any CPU.Build.0 = Release|Any CPU
		{4996EBC0-9AAA-4D2F-81B1-01EE1AE7A341}.Debug|Any CPU.ActiveCfg = Debug|Any CPU
		{4996EBC0-9AAA-4D2F-81B1-01EE1AE7A341}.Debug|Any CPU.Build.0 = Debug|Any CPU
		{4996EBC0-9AAA-4D2F-81B1-01EE1AE7A341}.Release|Any CPU.ActiveCfg = Release|Any CPU
		{4996EBC0-9AAA-4D2F-81B1-01EE1AE7A341}.Release|Any CPU.Build.0 = Release|Any CPU
		{174FE704-8345-4050-8248-12251720E417}.Debug|Any CPU.ActiveCfg = Debug|Any CPU
		{174FE704-8345-4050-8248-12251720E417}.Debug|Any CPU.Build.0 = Debug|Any CPU
		{174FE704-8345-4050-8248-12251720E417}.Release|Any CPU.ActiveCfg = Release|Any CPU
		{174FE704-8345-4050-8248-12251720E417}.Release|Any CPU.Build.0 = Release|Any CPU
		{A02BD0D2-7933-4B28-8FF8-4C834E8DE832}.Debug|Any CPU.ActiveCfg = Debug|Any CPU
		{A02BD0D2-7933-4B28-8FF8-4C834E8DE832}.Debug|Any CPU.Build.0 = Debug|Any CPU
		{A02BD0D2-7933-4B28-8FF8-4C834E8DE832}.Release|Any CPU.ActiveCfg = Release|Any CPU
		{A02BD0D2-7933-4B28-8FF8-4C834E8DE832}.Release|Any CPU.Build.0 = Release|Any CPU
		{C5A8C33A-08E8-48EE-8BAE-8B6510FCC823}.Debug|Any CPU.ActiveCfg = Debug|Any CPU
		{C5A8C33A-08E8-48EE-8BAE-8B6510FCC823}.Debug|Any CPU.Build.0 = Debug|Any CPU
		{C5A8C33A-08E8-48EE-8BAE-8B6510FCC823}.Release|Any CPU.ActiveCfg = Release|Any CPU
		{C5A8C33A-08E8-48EE-8BAE-8B6510FCC823}.Release|Any CPU.Build.0 = Release|Any CPU
		{606AA9BC-2D6F-4EBE-91DC-55F9A4411FD5}.Debug|Any CPU.ActiveCfg = Debug|Any CPU
		{606AA9BC-2D6F-4EBE-91DC-55F9A4411FD5}.Debug|Any CPU.Build.0 = Debug|Any CPU
		{606AA9BC-2D6F-4EBE-91DC-55F9A4411FD5}.Release|Any CPU.ActiveCfg = Release|Any CPU
		{606AA9BC-2D6F-4EBE-91DC-55F9A4411FD5}.Release|Any CPU.Build.0 = Release|Any CPU
		{CED9CC9F-AEE7-4734-A747-39EA6BDF0A4E}.Debug|Any CPU.ActiveCfg = Debug|Any CPU
		{CED9CC9F-AEE7-4734-A747-39EA6BDF0A4E}.Debug|Any CPU.Build.0 = Debug|Any CPU
		{CED9CC9F-AEE7-4734-A747-39EA6BDF0A4E}.Release|Any CPU.ActiveCfg = Release|Any CPU
		{CED9CC9F-AEE7-4734-A747-39EA6BDF0A4E}.Release|Any CPU.Build.0 = Release|Any CPU
	EndGlobalSection
	GlobalSection(SolutionProperties) = preSolution
		HideSolutionNode = FALSE
	EndGlobalSection
	GlobalSection(NestedProjects) = preSolution
		{632FDD08-3BDC-484B-BF55-4276E649B7CC} = {FEC93306-533A-40DF-92BB-3623EAF1AA84}
		{D2E5FDAF-62DA-4BB2-90EC-441C10D06FBB} = {FEC93306-533A-40DF-92BB-3623EAF1AA84}
		{2F7AD77B-9F4E-4AA4-94FD-4EC973DD0454} = {FEC93306-533A-40DF-92BB-3623EAF1AA84}
		{2AAFA030-DD23-484B-8B10-692FFE14220E} = {FEC93306-533A-40DF-92BB-3623EAF1AA84}
		{4E14292B-0648-4B51-9364-4467D6D3E612} = {FEC93306-533A-40DF-92BB-3623EAF1AA84}
		{B9E40BA0-C6BA-4E0C-B44A-8505ADA07E7C} = {FEC93306-533A-40DF-92BB-3623EAF1AA84}
		{E9FEAC54-1F81-4374-8587-D40F6CC0C1BF} = {B597C9E7-60AC-4696-ACB8-832C245C82AD}
		{C4EABD2C-0365-4184-94EB-E688A0060C45} = {B597C9E7-60AC-4696-ACB8-832C245C82AD}
		{1A65205C-931B-4240-BE30-E618A0E57EA0} = {B597C9E7-60AC-4696-ACB8-832C245C82AD}
		{8BF5B921-C769-440D-82C0-066C7A0AB2C7} = {B597C9E7-60AC-4696-ACB8-832C245C82AD}
		{A3281076-50D9-4DBD-A345-1EDE738FBC15} = {A4C5B696-7ECC-47EC-B6F3-B7712C19CA0B}
		{3648AB03-448A-480A-9CAA-85CC4AF83695} = {A4C5B696-7ECC-47EC-B6F3-B7712C19CA0B}
		{97F4CD7F-9DA7-4D9A-B2B7-DC978A65ABD1} = {A4C5B696-7ECC-47EC-B6F3-B7712C19CA0B}
		{E749DDF4-40EC-4EE1-9AE9-13C962AD8C80} = {A4C5B696-7ECC-47EC-B6F3-B7712C19CA0B}
		{3BAD2412-B8AA-4DE7-9ADA-1B7406F27B00} = {FEC93306-533A-40DF-92BB-3623EAF1AA84}
		{5944794C-A137-4E22-A427-87C0175E8FA4} = {FEC93306-533A-40DF-92BB-3623EAF1AA84}
		{4996EBC0-9AAA-4D2F-81B1-01EE1AE7A341} = {FEC93306-533A-40DF-92BB-3623EAF1AA84}
		{174FE704-8345-4050-8248-12251720E417} = {C817D5E9-F418-4875-819A-A45C35811842}
		{A02BD0D2-7933-4B28-8FF8-4C834E8DE832} = {C817D5E9-F418-4875-819A-A45C35811842}
		{C5A8C33A-08E8-48EE-8BAE-8B6510FCC823} = {C817D5E9-F418-4875-819A-A45C35811842}
		{606AA9BC-2D6F-4EBE-91DC-55F9A4411FD5} = {C817D5E9-F418-4875-819A-A45C35811842}
		{CED9CC9F-AEE7-4734-A747-39EA6BDF0A4E} = {FEC93306-533A-40DF-92BB-3623EAF1AA84}
	EndGlobalSection
	GlobalSection(ExtensibilityGlobals) = postSolution
		SolutionGuid = {9C468CD6-9E21-4FE8-817C-CC2E7B81AF32}
	EndGlobalSection
EndGlobal
